
Microsoft Visual Studio Solution File, Format Version 12.00
# Visual Studio Version 17
VisualStudioVersion = 17.8.34330.188
MinimumVisualStudioVersion = 10.0.40219.1
Project("{FAE04EC0-301F-11D3-BF4B-00C04F79EFBC}") = "Note Pro", "Note Pro\Note Pro.csproj", "{7EDCFE9C-F719-4578-BE54-F556DF8DCE10}"
EndProject
Project("{54435603-DBB4-11D2-8724-00A0C9A8B90C}") = "Setup1", "Setup1\Setup1.vdproj", "{C6EC2CF0-48F7-4862-8D9B-8DAE124CC330}"
EndProject
Global
	GlobalSection(SolutionConfigurationPlatforms) = preSolution
		Debug|Any CPU = Debug|Any CPU
		Release|Any CPU = Release|Any CPU
	EndGlobalSection
	GlobalSection(ProjectConfigurationPlatforms) = postSolution
		{7EDCFE9C-F719-4578-BE54-F556DF8DCE10}.Debug|Any CPU.ActiveCfg = Debug|Any CPU
		{7EDCFE9C-F719-4578-BE54-F556DF8DCE10}.Debug|Any CPU.Build.0 = Debug|Any CPU
		{7EDCFE9C-F719-4578-BE54-F556DF8DCE10}.Release|Any CPU.ActiveCfg = Release|Any CPU
		{7EDCFE9C-F719-4578-BE54-F556DF8DCE10}.Release|Any CPU.Build.0 = Release|Any CPU
		{C6EC2CF0-48F7-4862-8D9B-8DAE124CC330}.Debug|Any CPU.ActiveCfg = Debug
		{C6EC2CF0-48F7-4862-8D9B-8DAE124CC330}.Release|Any CPU.ActiveCfg = Release
	EndGlobalSection
	GlobalSection(SolutionProperties) = preSolution
		HideSolutionNode = FALSE
	EndGlobalSection
	GlobalSection(ExtensibilityGlobals) = postSolution
		SolutionGuid = {36FB8107-9AF2-41FE-9A1A-4E1BAEBBC1EA}
	EndGlobalSection
EndGlobal
